
Microsoft Visual Studio Solution File, Format Version 12.00
# Visual Studio Version 17
VisualStudioVersion = 17.14.36518.9 d17.14
MinimumVisualStudioVersion = 10.0.40219.1
Project("{FAE04EC0-301F-11D3-BF4B-00C04F79EFBC}") = "2025-2026 DAM 1A ED Primer Proyecto", "2025-2026 DAM 1A ED Primer Proyecto\2025-2026 DAM 1A ED Primer Proyecto.csproj", "{8C6CD74D-448B-46EE-A588-6C18FAA9A4D3}"
EndProject
Global
	GlobalSection(SolutionConfigurationPlatforms) = preSolution
		Debug|Any CPU = Debug|Any CPU
		Release|Any CPU = Release|Any CPU
	EndGlobalSection
	GlobalSection(ProjectConfigurationPlatforms) = postSolution
		{8C6CD74D-448B-46EE-A588-6C18FAA9A4D3}.Debug|Any CPU.ActiveCfg = Debug|Any CPU
		{8C6CD74D-448B-46EE-A588-6C18FAA9A4D3}.Debug|Any CPU.Build.0 = Debug|Any CPU
		{8C6CD74D-448B-46EE-A588-6C18FAA9A4D3}.Release|Any CPU.ActiveCfg = Release|Any CPU
		{8C6CD74D-448B-46EE-A588-6C18FAA9A4D3}.Release|Any CPU.Build.0 = Release|Any CPU
	EndGlobalSection
	GlobalSection(SolutionProperties) = preSolution
		HideSolutionNode = FALSE
	EndGlobalSection
	GlobalSection(ExtensibilityGlobals) = postSolution
		SolutionGuid = {53355F52-29FF-45DD-98E6-461FE7277457}
	EndGlobalSection
EndGlobal
